// !$*UTF8*$!
{
	archiveVersion = 1;
	classes = {
	};
	objectVersion = 46;
	objects = {

/* Begin PBXBuildFile section */
		8B27E4BD1B3DDA2A005F36C9 /* AppDelegate.swift in Sources */ = {isa = PBXBuildFile; fileRef = 8B27E4BC1B3DDA2A005F36C9 /* AppDelegate.swift */; };
		8B27E4BF1B3DDA2A005F36C9 /* RecordSoundsViewController.swift in Sources */ = {isa = PBXBuildFile; fileRef = 8B27E4BE1B3DDA2A005F36C9 /* RecordSoundsViewController.swift */; };
		8B27E4C21B3DDA2A005F36C9 /* Main.storyboard in Resources */ = {isa = PBXBuildFile; fileRef = 8B27E4C01B3DDA2A005F36C9 /* Main.storyboard */; };
		8B27E4C41B3DDA2A005F36C9 /* Images.xcassets in Resources */ = {isa = PBXBuildFile; fileRef = 8B27E4C31B3DDA2A005F36C9 /* Images.xcassets */; };
		8B27E4C71B3DDA2A005F36C9 /* LaunchScreen.xib in Resources */ = {isa = PBXBuildFile; fileRef = 8B27E4C51B3DDA2A005F36C9 /* LaunchScreen.xib */; };
		8B27E4D31B3DDA2A005F36C9 /* pitchperfectTests.swift in Sources */ = {isa = PBXBuildFile; fileRef = 8B27E4D21B3DDA2A005F36C9 /* pitchperfectTests.swift */; };
		8B73D84E1B3DFDCA0004DE63 /* PlaySoundsViewController.swift in Sources */ = {isa = PBXBuildFile; fileRef = 8B73D84D1B3DFDCA0004DE63 /* PlaySoundsViewController.swift */; };
		8B89FD651B3F7A6F005FA81E /* RecordedAudio.swift in Sources */ = {isa = PBXBuildFile; fileRef = 8B89FD641B3F7A6F005FA81E /* RecordedAudio.swift */; };
		8BFDDDDE1B3E1175000897DA /* movie_quote.mp3 in Resources */ = {isa = PBXBuildFile; fileRef = 8BFDDDDD1B3E1175000897DA /* movie_quote.mp3 */; };
/* End PBXBuildFile section */

/* Begin PBXContainerItemProxy section */
		8B27E4CD1B3DDA2A005F36C9 /* PBXContainerItemProxy */ = {
			isa = PBXContainerItemProxy;
			containerPortal = 8B27E4AF1B3DDA2A005F36C9 /* Project object */;
			proxyType = 1;
			remoteGlobalIDString = 8B27E4B61B3DDA2A005F36C9;
			remoteInfo = pitchperfect;
		};
/* End PBXContainerItemProxy section */

/* Begin PBXFileReference section */
		8B27E4B71B3DDA2A005F36C9 /* pitchperfect.app */ = {isa = PBXFileReference; explicitFileType = wrapper.application; includeInIndex = 0; path = pitchperfect.app; sourceTree = BUILT_PRODUCTS_DIR; };
		8B27E4BB1B3DDA2A005F36C9 /* Info.plist */ = {isa = PBXFileReference; lastKnownFileType = text.plist.xml; path = Info.plist; sourceTree = "<group>"; };
		8B27E4BC1B3DDA2A005F36C9 /* AppDelegate.swift */ = {isa = PBXFileReference; lastKnownFileType = sourcecode.swift; path = AppDelegate.swift; sourceTree = "<group>"; };
		8B27E4BE1B3DDA2A005F36C9 /* RecordSoundsViewController.swift */ = {isa = PBXFileReference; lastKnownFileType = sourcecode.swift; path = RecordSoundsViewController.swift; sourceTree = "<group>"; };
		8B27E4C11B3DDA2A005F36C9 /* Base */ = {isa = PBXFileReference; lastKnownFileType = file.storyboard; name = Base; path = Base.lproj/Main.storyboard; sourceTree = "<group>"; };
		8B27E4C31B3DDA2A005F36C9 /* Images.xcassets */ = {isa = PBXFileReference; lastKnownFileType = folder.assetcatalog; path = Images.xcassets; sourceTree = "<group>"; };
		8B27E4C61B3DDA2A005F36C9 /* Base */ = {isa = PBXFileReference; lastKnownFileType = file.xib; name = Base; path = Base.lproj/LaunchScreen.xib; sourceTree = "<group>"; };
		8B27E4CC1B3DDA2A005F36C9 /* pitchperfectTests.xctest */ = {isa = PBXFileReference; explicitFileType = wrapper.cfbundle; includeInIndex = 0; path = pitchperfectTests.xctest; sourceTree = BUILT_PRODUCTS_DIR; };
		8B27E4D11B3DDA2A005F36C9 /* Info.plist */ = {isa = PBXFileReference; lastKnownFileType = text.plist.xml; path = Info.plist; sourceTree = "<group>"; };
		8B27E4D21B3DDA2A005F36C9 /* pitchperfectTests.swift */ = {isa = PBXFileReference; lastKnownFileType = sourcecode.swift; path = pitchperfectTests.swift; sourceTree = "<group>"; };
		8B73D84D1B3DFDCA0004DE63 /* PlaySoundsViewController.swift */ = {isa = PBXFileReference; fileEncoding = 4; lastKnownFileType = sourcecode.swift; name = PlaySoundsViewController.swift; path = ../PlaySoundsViewController.swift; sourceTree = "<group>"; };
		8B89FD641B3F7A6F005FA81E /* RecordedAudio.swift */ = {isa = PBXFileReference; fileEncoding = 4; lastKnownFileType = sourcecode.swift; path = RecordedAudio.swift; sourceTree = "<group>"; };
		8BFDDDDD1B3E1175000897DA /* movie_quote.mp3 */ = {isa = PBXFileReference; lastKnownFileType = audio.mp3; path = movie_quote.mp3; sourceTree = "<group>"; };
/* End PBXFileReference section */

/* Begin PBXFrameworksBuildPhase section */
		8B27E4B41B3DDA2A005F36C9 /* Frameworks */ = {
			isa = PBXFrameworksBuildPhase;
			buildActionMask = 2147483647;
			files = (
			);
			runOnlyForDeploymentPostprocessing = 0;
		};
		8B27E4C91B3DDA2A005F36C9 /* Frameworks */ = {
			isa = PBXFrameworksBuildPhase;
			buildActionMask = 2147483647;
			files = (
			);
			runOnlyForDeploymentPostprocessing = 0;
		};
/* End PBXFrameworksBuildPhase section */

/* Begin PBXGroup section */
		8B27E4AE1B3DDA2A005F36C9 = {
			isa = PBXGroup;
			children = (
				8B27E4B91B3DDA2A005F36C9 /* pitchperfect */,
				8B27E4CF1B3DDA2A005F36C9 /* pitchperfectTests */,
				8B27E4B81B3DDA2A005F36C9 /* Products */,
			);
			sourceTree = "<group>";
		};
		8B27E4B81B3DDA2A005F36C9 /* Products */ = {
			isa = PBXGroup;
			children = (
				8B27E4B71B3DDA2A005F36C9 /* pitchperfect.app */,
				8B27E4CC1B3DDA2A005F36C9 /* pitchperfectTests.xctest */,
			);
			name = Products;
			sourceTree = "<group>";
		};
		8B27E4B91B3DDA2A005F36C9 /* pitchperfect */ = {
			isa = PBXGroup;
			children = (
				8B27E4BC1B3DDA2A005F36C9 /* AppDelegate.swift */,
				8B73D84D1B3DFDCA0004DE63 /* PlaySoundsViewController.swift */,
				8B27E4BE1B3DDA2A005F36C9 /* RecordSoundsViewController.swift */,
				8B89FD641B3F7A6F005FA81E /* RecordedAudio.swift */,
				8B27E4C01B3DDA2A005F36C9 /* Main.storyboard */,
				8B27E4C31B3DDA2A005F36C9 /* Images.xcassets */,
				8B27E4C51B3DDA2A005F36C9 /* LaunchScreen.xib */,
				8B27E4BA1B3DDA2A005F36C9 /* Supporting Files */,
			);
			path = pitchperfect;
			sourceTree = "<group>";
		};
		8B27E4BA1B3DDA2A005F36C9 /* Supporting Files */ = {
			isa = PBXGroup;
			children = (
				8BFDDDDD1B3E1175000897DA /* movie_quote.mp3 */,
				8B27E4BB1B3DDA2A005F36C9 /* Info.plist */,
			);
			name = "Supporting Files";
			sourceTree = "<group>";
		};
		8B27E4CF1B3DDA2A005F36C9 /* pitchperfectTests */ = {
			isa = PBXGroup;
			children = (
				8B27E4D21B3DDA2A005F36C9 /* pitchperfectTests.swift */,
				8B27E4D01B3DDA2A005F36C9 /* Supporting Files */,
			);
			path = pitchperfectTests;
			sourceTree = "<group>";
		};
		8B27E4D01B3DDA2A005F36C9 /* Supporting Files */ = {
			isa = PBXGroup;
			children = (
				8B27E4D11B3DDA2A005F36C9 /* Info.plist */,
			);
			name = "Supporting Files";
			sourceTree = "<group>";
		};
/* End PBXGroup section */

/* Begin PBXNativeTarget section */
		8B27E4B61B3DDA2A005F36C9 /* pitchperfect */ = {
			isa = PBXNativeTarget;
			buildConfigurationList = 8B27E4D61B3DDA2A005F36C9 /* Build configuration list for PBXNativeTarget "pitchperfect" */;
			buildPhases = (
				8B27E4B31B3DDA2A005F36C9 /* Sources */,
				8B27E4B41B3DDA2A005F36C9 /* Frameworks */,
				8B27E4B51B3DDA2A005F36C9 /* Resources */,
			);
			buildRules = (
			);
			dependencies = (
			);
			name = pitchperfect;
			productName = pitchperfect;
			productReference = 8B27E4B71B3DDA2A005F36C9 /* pitchperfect.app */;
			productType = "com.apple.product-type.application";
		};
		8B27E4CB1B3DDA2A005F36C9 /* pitchperfectTests */ = {
			isa = PBXNativeTarget;
			buildConfigurationList = 8B27E4D91B3DDA2A005F36C9 /* Build configuration list for PBXNativeTarget "pitchperfectTests" */;
			buildPhases = (
				8B27E4C81B3DDA2A005F36C9 /* Sources */,
				8B27E4C91B3DDA2A005F36C9 /* Frameworks */,
				8B27E4CA1B3DDA2A005F36C9 /* Resources */,
			);
			buildRules = (
			);
			dependencies = (
				8B27E4CE1B3DDA2A005F36C9 /* PBXTargetDependency */,
			);
			name = pitchperfectTests;
			productName = pitchperfectTests;
			productReference = 8B27E4CC1B3DDA2A005F36C9 /* pitchperfectTests.xctest */;
			productType = "com.apple.product-type.bundle.unit-test";
		};
/* End PBXNativeTarget section */

/* Begin PBXProject section */
		8B27E4AF1B3DDA2A005F36C9 /* Project object */ = {
			isa = PBXProject;
			attributes = {
				LastUpgradeCheck = 0630;
				ORGANIZATIONNAME = "John David Stroud";
				TargetAttributes = {
					8B27E4B61B3DDA2A005F36C9 = {
						CreatedOnToolsVersion = 6.3.2;
						DevelopmentTeam = 7385PSVS54;
					};
					8B27E4CB1B3DDA2A005F36C9 = {
						CreatedOnToolsVersion = 6.3.2;
						TestTargetID = 8B27E4B61B3DDA2A005F36C9;
					};
				};
			};
			buildConfigurationList = 8B27E4B21B3DDA2A005F36C9 /* Build configuration list for PBXProject "pitchperfect" */;
			compatibilityVersion = "Xcode 3.2";
			developmentRegion = English;
			hasScannedForEncodings = 0;
			knownRegions = (
				en,
				Base,
			);
			mainGroup = 8B27E4AE1B3DDA2A005F36C9;
			productRefGroup = 8B27E4B81B3DDA2A005F36C9 /* Products */;
			projectDirPath = "";
			projectRoot = "";
			targets = (
				8B27E4B61B3DDA2A005F36C9 /* pitchperfect */,
				8B27E4CB1B3DDA2A005F36C9 /* pitchperfectTests */,
			);
		};
/* End PBXProject section */

/* Begin PBXResourcesBuildPhase section */
		8B27E4B51B3DDA2A005F36C9 /* Resources */ = {
			isa = PBXResourcesBuildPhase;
			buildActionMask = 2147483647;
			files = (
				8B27E4C21B3DDA2A005F36C9 /* Main.storyboard in Resources */,
				8B27E4C71B3DDA2A005F36C9 /* LaunchScreen.xib in Resources */,
				8BFDDDDE1B3E1175000897DA /* movie_quote.mp3 in Resources */,
				8B27E4C41B3DDA2A005F36C9 /* Images.xcassets in Resources */,
			);
			runOnlyForDeploymentPostprocessing = 0;
		};
		8B27E4CA1B3DDA2A005F36C9 /* Resources */ = {
			isa = PBXResourcesBuildPhase;
			buildActionMask = 2147483647;
			files = (
			);
			runOnlyForDeploymentPostprocessing = 0;
		};
/* End PBXResourcesBuildPhase section */

/* Begin PBXSourcesBuildPhase section */
		8B27E4B31B3DDA2A005F36C9 /* Sources */ = {
			isa = PBXSourcesBuildPhase;
			buildActionMask = 2147483647;
			files = (
				8B89FD651B3F7A6F005FA81E /* RecordedAudio.swift in Sources */,
				8B27E4BF1B3DDA2A005F36C9 /* RecordSoundsViewController.swift in Sources */,
				8B27E4BD1B3DDA2A005F36C9 /* AppDelegate.swift in Sources */,
				8B73D84E1B3DFDCA0004DE63 /* PlaySoundsViewController.swift in Sources */,
			);
			runOnlyForDeploymentPostprocessing = 0;
		};
		8B27E4C81B3DDA2A005F36C9 /* Sources */ = {
			isa = PBXSourcesBuildPhase;
			buildActionMask = 2147483647;
			files = (
				8B27E4D31B3DDA2A005F36C9 /* pitchperfectTests.swift in Sources */,
			);
			runOnlyForDeploymentPostprocessing = 0;
		};
/* End PBXSourcesBuildPhase section */

/* Begin PBXTargetDependency section */
		8B27E4CE1B3DDA2A005F36C9 /* PBXTargetDependency */ = {
			isa = PBXTargetDependency;
			target = 8B27E4B61B3DDA2A005F36C9 /* pitchperfect */;
			targetProxy = 8B27E4CD1B3DDA2A005F36C9 /* PBXContainerItemProxy */;
		};
/* End PBXTargetDependency section */

/* Begin PBXVariantGroup section */
		8B27E4C01B3DDA2A005F36C9 /* Main.storyboard */ = {
			isa = PBXVariantGroup;
			children = (
				8B27E4C11B3DDA2A005F36C9 /* Base */,
			);
			name = Main.storyboard;
			sourceTree = "<group>";
		};
		8B27E4C51B3DDA2A005F36C9 /* LaunchScreen.xib */ = {
			isa = PBXVariantGroup;
			children = (
				8B27E4C61B3DDA2A005F36C9 /* Base */,
			);
			name = LaunchScreen.xib;
			sourceTree = "<group>";
		};
/* End PBXVariantGroup section */

/* Begin XCBuildConfiguration section */
		8B27E4D41B3DDA2A005F36C9 /* Debug */ = {
			isa = XCBuildConfiguration;
			buildSettings = {
				ALWAYS_SEARCH_USER_PATHS = NO;
				CLANG_CXX_LANGUAGE_STANDARD = "gnu++0x";
				CLANG_CXX_LIBRARY = "libc++";
				CLANG_ENABLE_MODULES = YES;
				CLANG_ENABLE_OBJC_ARC = YES;
				CLANG_WARN_BOOL_CONVERSION = YES;
				CLANG_WARN_CONSTANT_CONVERSION = YES;
				CLANG_WARN_DIRECT_OBJC_ISA_USAGE = YES_ERROR;
				CLANG_WARN_EMPTY_BODY = YES;
				CLANG_WARN_ENUM_CONVERSION = YES;
				CLANG_WARN_INT_CONVERSION = YES;
				CLANG_WARN_OBJC_ROOT_CLASS = YES_ERROR;
				CLANG_WARN_UNREACHABLE_CODE = YES;
				CLANG_WARN__DUPLICATE_METHOD_MATCH = YES;
				"CODE_SIGN_IDENTITY[sdk=iphoneos*]" = "iPhone Developer";
				COPY_PHASE_STRIP = NO;
				DEBUG_INFORMATION_FORMAT = "dwarf-with-dsym";
				ENABLE_STRICT_OBJC_MSGSEND = YES;
				GCC_C_LANGUAGE_STANDARD = gnu99;
				GCC_DYNAMIC_NO_PIC = NO;
				GCC_NO_COMMON_BLOCKS = YES;
				GCC_OPTIMIZATION_LEVEL = 0;
				GCC_PREPROCESSOR_DEFINITIONS = (
					"DEBUG=1",
					"$(inherited)",
				);
				GCC_SYMBOLS_PRIVATE_EXTERN = NO;
				GCC_WARN_64_TO_32_BIT_CONVERSION = YES;
				GCC_WARN_ABOUT_RETURN_TYPE = YES_ERROR;
				GCC_WARN_UNDECLARED_SELECTOR = YES;
				GCC_WARN_UNINITIALIZED_AUTOS = YES_AGGRESSIVE;
				GCC_WARN_UNUSED_FUNCTION = YES;
				GCC_WARN_UNUSED_VARIABLE = YES;
				IPHONEOS_DEPLOYMENT_TARGET = 8.3;
				MTL_ENABLE_DEBUG_INFO = YES;
				ONLY_ACTIVE_ARCH = YES;
				SDKROOT = iphoneos;
				SWIFT_OPTIMIZATION_LEVEL = "-Onone";
			};
			name = Debug;
		};
		8B27E4D51B3DDA2A005F36C9 /* Release */ = {
			isa = XCBuildConfiguration;
			buildSettings = {
				ALWAYS_SEARCH_USER_PATHS = NO;
				CLANG_CXX_LANGUAGE_STANDARD = "gnu++0x";
				CLANG_CXX_LIBRARY = "libc++";
				CLANG_ENABLE_MODULES = YES;
				CLANG_ENABLE_OBJC_ARC = YES;
				CLANG_WARN_BOOL_CONVERSION = YES;
				CLANG_WARN_CONSTANT_CONVERSION = YES;
				CLANG_WARN_DIRECT_OBJC_ISA_USAGE = YES_ERROR;
				CLANG_WARN_EMPTY_BODY = YES;
				CLANG_WARN_ENUM_CONVERSION = YES;
				CLANG_WARN_INT_CONVERSION = YES;
				CLANG_WARN_OBJC_ROOT_CLASS = YES_ERROR;
				CLANG_WARN_UNREACHABLE_CODE = YES;
				CLANG_WARN__DUPLICATE_METHOD_MATCH = YES;
				"CODE_SIGN_IDENTITY[sdk=iphoneos*]" = "iPhone Developer";
				COPY_PHASE_STRIP = NO;
				DEBUG_INFORMATION_FORMAT = "dwarf-with-dsym";
				ENABLE_NS_ASSERTIONS = NO;
				ENABLE_STRICT_OBJC_MSGSEND = YES;
				GCC_C_LANGUAGE_STANDARD = gnu99;
				GCC_NO_COMMON_BLOCKS = YES;
				GCC_WARN_64_TO_32_BIT_CONVERSION = YES;
				GCC_WARN_ABOUT_RETURN_TYPE = YES_ERROR;
				GCC_WARN_UNDECLARED_SELECTOR = YES;
				GCC_WARN_UNINITIALIZED_AUTOS = YES_AGGRESSIVE;
				GCC_WARN_UNUSED_FUNCTION = YES;
				GCC_WARN_UNUSED_VARIABLE = YES;
				IPHONEOS_DEPLOYMENT_TARGET = 8.3;
				MTL_ENABLE_DEBUG_INFO = NO;
				SDKROOT = iphoneos;
				VALIDATE_PRODUCT = YES;
			};
			name = Release;
		};
		8B27E4D71B3DDA2A005F36C9 /* Debug */ = {
			isa = XCBuildConfiguration;
			buildSettings = {
				ASSETCATALOG_COMPILER_APPICON_NAME = AppIcon;
				CODE_SIGN_IDENTITY = "iPhone Developer";
				"CODE_SIGN_IDENTITY[sdk=iphoneos*]" = "iPhone Developer";
				INFOPLIST_FILE = pitchperfect/Info.plist;
				LD_RUNPATH_SEARCH_PATHS = "$(inherited) @executable_path/Frameworks";
				PRODUCT_NAME = "$(TARGET_NAME)";
				PROVISIONING_PROFILE = "";
			};
			name = Debug;
		};
		8B27E4D81B3DDA2A005F36C9 /* Release */ = {
			isa = XCBuildConfiguration;
			buildSettings = {
				ASSETCATALOG_COMPILER_APPICON_NAME = AppIcon;
				CODE_SIGN_IDENTITY = "iPhone Developer";
				"CODE_SIGN_IDENTITY[sdk=iphoneos*]" = "iPhone Developer";
				INFOPLIST_FILE = pitchperfect/Info.plist;
				LD_RUNPATH_SEARCH_PATHS = "$(inherited) @executable_path/Frameworks";
				PRODUCT_NAME = "$(TARGET_NAME)";
				PROVISIONING_PROFILE = "";
			};
			name = Release;
		};
		8B27E4DA1B3DDA2A005F36C9 /* Debug */ = {
			isa = XCBuildConfiguration;
			buildSettings = {
				BUNDLE_LOADER = "$(TEST_HOST)";
				FRAMEWORK_SEARCH_PATHS = (
					"$(SDKROOT)/Developer/Library/Frameworks",
					"$(inherited)",
				);
				GCC_PREPROCESSOR_DEFINITIONS = (
					"DEBUG=1",
					"$(inherited)",
				);
				INFOPLIST_FILE = pitchperfectTests/Info.plist;
				LD_RUNPATH_SEARCH_PATHS = "$(inherited) @executable_path/Frameworks @loader_path/Frameworks";
				PRODUCT_NAME = "$(TARGET_NAME)";
				TEST_HOST = "$(BUILT_PRODUCTS_DIR)/pitchperfect.app/pitchperfect";
			};
			name = Debug;
		};
		8B27E4DB1B3DDA2A005F36C9 /* Release */ = {
			isa = XCBuildConfiguration;
			buildSettings = {
				BUNDLE_LOADER = "$(TEST_HOST)";
				FRAMEWORK_SEARCH_PATHS = (
					"$(SDKROOT)/Developer/Library/Frameworks",
					"$(inherited)",
				);
				INFOPLIST_FILE = pitchperfectTests/Info.plist;
				LD_RUNPATH_SEARCH_PATHS = "$(inherited) @executable_path/Frameworks @loader_path/Frameworks";
				PRODUCT_NAME = "$(TARGET_NAME)";
				TEST_HOST = "$(BUILT_PRODUCTS_DIR)/pitchperfect.app/pitchperfect";
			};
			name = Release;
		};
/* End XCBuildConfiguration section */

/* Begin XCConfigurationList section */
		8B27E4B21B3DDA2A005F36C9 /* Build configuration list for PBXProject "pitchperfect" */ = {
			isa = XCConfigurationList;
			buildConfigurations = (
				8B27E4D41B3DDA2A005F36C9 /* Debug */,
				8B27E4D51B3DDA2A005F36C9 /* Release */,
			);
			defaultConfigurationIsVisible = 0;
			defaultConfigurationName = Release;
		};
		8B27E4D61B3DDA2A005F36C9 /* Build configuration list for PBXNativeTarget "pitchperfect" */ = {
			isa = XCConfigurationList;
			buildConfigurations = (
				8B27E4D71B3DDA2A005F36C9 /* Debug */,
				8B27E4D81B3DDA2A005F36C9 /* Release */,
			);
			defaultConfigurationIsVisible = 0;
			defaultConfigurationName = Release;
		};
		8B27E4D91B3DDA2A005F36C9 /* Build configuration list for PBXNativeTarget "pitchperfectTests" */ = {
			isa = XCConfigurationList;
			buildConfigurations = (
				8B27E4DA1B3DDA2A005F36C9 /* Debug */,
				8B27E4DB1B3DDA2A005F36C9 /* Release */,
			);
			defaultConfigurationIsVisible = 0;
			defaultConfigurationName = Release;
		};
/* End XCConfigurationList section */
	};
	rootObject = 8B27E4AF1B3DDA2A005F36C9 /* Project object */;
}
